
Microsoft Visual Studio Solution File, Format Version 11.00
# Visual Studio 2010
Project("{FAE04EC0-301F-11D3-BF4B-00C04F79EFBC}") = "combined", "Assembly-CSharp.csproj", "{9AEDC396-0109-F60A-28F8-0D1510477224}"
EndProject
Project("{FAE04EC0-301F-11D3-BF4B-00C04F79EFBC}") = "combined", "Assembly-CSharp-firstpass.csproj", "{1C7EFF04-F518-B136-C3C9-0C81E82FECDF}"
EndProject
Project("{FAE04EC0-301F-11D3-BF4B-00C04F79EFBC}") = "combined", "Assembly-CSharp-Editor.csproj", "{EF62BF7B-B969-E211-628D-60451669F7B8}"
EndProject
Global
	GlobalSection(SolutionConfigurationPlatforms) = preSolution
		Debug|Any CPU = Debug|Any CPU
		Release|Any CPU = Release|Any CPU
	EndGlobalSection
	GlobalSection(ProjectConfigurationPlatforms) = postSolution
		{9AEDC396-0109-F60A-28F8-0D1510477224}.Debug|Any CPU.ActiveCfg = Debug|Any CPU
		{9AEDC396-0109-F60A-28F8-0D1510477224}.Debug|Any CPU.Build.0 = Debug|Any CPU
		{9AEDC396-0109-F60A-28F8-0D1510477224}.Release|Any CPU.ActiveCfg = Release|Any CPU
		{9AEDC396-0109-F60A-28F8-0D1510477224}.Release|Any CPU.Build.0 = Release|Any CPU
		{1C7EFF04-F518-B136-C3C9-0C81E82FECDF}.Debug|Any CPU.ActiveCfg = Debug|Any CPU
		{1C7EFF04-F518-B136-C3C9-0C81E82FECDF}.Debug|Any CPU.Build.0 = Debug|Any CPU
		{1C7EFF04-F518-B136-C3C9-0C81E82FECDF}.Release|Any CPU.ActiveCfg = Release|Any CPU
		{1C7EFF04-F518-B136-C3C9-0C81E82FECDF}.Release|Any CPU.Build.0 = Release|Any CPU
		{EF62BF7B-B969-E211-628D-60451669F7B8}.Debug|Any CPU.ActiveCfg = Debug|Any CPU
		{EF62BF7B-B969-E211-628D-60451669F7B8}.Debug|Any CPU.Build.0 = Debug|Any CPU
		{EF62BF7B-B969-E211-628D-60451669F7B8}.Release|Any CPU.ActiveCfg = Release|Any CPU
		{EF62BF7B-B969-E211-628D-60451669F7B8}.Release|Any CPU.Build.0 = Release|Any CPU
	EndGlobalSection
	GlobalSection(SolutionProperties) = preSolution
		HideSolutionNode = FALSE
	EndGlobalSection
	GlobalSection(MonoDevelopProperties) = preSolution
		StartupItem = Assembly-CSharp.csproj
	EndGlobalSection
EndGlobal
